
Microsoft Visual Studio Solution File, Format Version 12.00
# Visual Studio Version 16
VisualStudioVersion = 16.0.30907.101
MinimumVisualStudioVersion = 10.0.40219.1
Project("{FAE04EC0-301F-11D3-BF4B-00C04F79EFBC}") = "pow", "pow.csproj", "{84B2A920-7570-4C2F-8502-8AE43984C23B}"
EndProject
Global
	GlobalSection(SolutionConfigurationPlatforms) = preSolution
		Debug|Any CPU = Debug|Any CPU
		Release|Any CPU = Release|Any CPU
	EndGlobalSection
	GlobalSection(ProjectConfigurationPlatforms) = postSolution
		{84B2A920-7570-4C2F-8502-8AE43984C23B}.Debug|Any CPU.ActiveCfg = Debug|Any CPU
		{84B2A920-7570-4C2F-8502-8AE43984C23B}.Debug|Any CPU.Build.0 = Debug|Any CPU
		{84B2A920-7570-4C2F-8502-8AE43984C23B}.Release|Any CPU.ActiveCfg = Release|Any CPU
		{84B2A920-7570-4C2F-8502-8AE43984C23B}.Release|Any CPU.Build.0 = Release|Any CPU
	EndGlobalSection
	GlobalSection(SolutionProperties) = preSolution
		HideSolutionNode = FALSE
	EndGlobalSection
	GlobalSection(ExtensibilityGlobals) = postSolution
		SolutionGuid = {0FAFBE38-5181-4388-AFA1-1004E8CBAC79}
	EndGlobalSection
EndGlobal
